
Microsoft Visual Studio Solution File, Format Version 12.00
# Visual Studio Version 17
VisualStudioVersion = 17.4.33122.133
MinimumVisualStudioVersion = 10.0.40219.1
Project("{FAE04EC0-301F-11D3-BF4B-00C04F79EFBC}") = "CarMainSystem", "CarMainSystem\CarMainSystem.csproj", "{A9214BC2-3704-4EE4-81CD-06553153BC4F}"
EndProject
Global
	GlobalSection(SolutionConfigurationPlatforms) = preSolution
		Debug|Any CPU = Debug|Any CPU
		Release|Any CPU = Release|Any CPU
	EndGlobalSection
	GlobalSection(ProjectConfigurationPlatforms) = postSolution
		{A9214BC2-3704-4EE4-81CD-06553153BC4F}.Debug|Any CPU.ActiveCfg = Debug|Any CPU
		{A9214BC2-3704-4EE4-81CD-06553153BC4F}.Debug|Any CPU.Build.0 = Debug|Any CPU
		{A9214BC2-3704-4EE4-81CD-06553153BC4F}.Release|Any CPU.ActiveCfg = Release|Any CPU
		{A9214BC2-3704-4EE4-81CD-06553153BC4F}.Release|Any CPU.Build.0 = Release|Any CPU
	EndGlobalSection
	GlobalSection(SolutionProperties) = preSolution
		HideSolutionNode = FALSE
	EndGlobalSection
	GlobalSection(ExtensibilityGlobals) = postSolution
		SolutionGuid = {8F7F0158-5533-46D1-968F-39BB5C1AC5FE}
	EndGlobalSection
EndGlobal
